// !$*UTF8*$!
{
	archiveVersion = 1;
	classes = {
	};
	objectVersion = 51;
	objects = {

/* Begin PBXBuildFile section */
		1C5D90DD84730FD2660813C1 /* Pods_QRLibrary.framework in Frameworks */ = {isa = PBXBuildFile; fileRef = 7A271FA0D755625DF058272E /* Pods_QRLibrary.framework */; };
		5E00E0D526398ECE00210B81 /* AppDelegate.swift in Sources */ = {isa = PBXBuildFile; fileRef = 5E00E0D426398ECE00210B81 /* AppDelegate.swift */; };
		5E00E0D726398ECE00210B81 /* SceneDelegate.swift in Sources */ = {isa = PBXBuildFile; fileRef = 5E00E0D626398ECE00210B81 /* SceneDelegate.swift */; };
		5E00E0D926398ECE00210B81 /* ContentView.swift in Sources */ = {isa = PBXBuildFile; fileRef = 5E00E0D826398ECE00210B81 /* ContentView.swift */; };
		5E00E0DE26398ED300210B81 /* Preview Assets.xcassets in Resources */ = {isa = PBXBuildFile; fileRef = 5E00E0DD26398ED300210B81 /* Preview Assets.xcassets */; };
		5E00E0E126398ED300210B81 /* LaunchScreen.storyboard in Resources */ = {isa = PBXBuildFile; fileRef = 5E00E0DF26398ED300210B81 /* LaunchScreen.storyboard */; };
		5E00E0E926398EF400210B81 /* AuthView.swift in Sources */ = {isa = PBXBuildFile; fileRef = 5E00E0E826398EF400210B81 /* AuthView.swift */; };
		5E00E0EB2639992500210B81 /* TabbarView.swift in Sources */ = {isa = PBXBuildFile; fileRef = 5E00E0EA2639992500210B81 /* TabbarView.swift */; };
		5EA7F288264531E20091ED9E /* BookMaker.swift in Sources */ = {isa = PBXBuildFile; fileRef = 5EA7F287264531E20091ED9E /* BookMaker.swift */; };
		5EA7F28A264532010091ED9E /* BookMarkerDetail.swift in Sources */ = {isa = PBXBuildFile; fileRef = 5EA7F289264532010091ED9E /* BookMarkerDetail.swift */; };
		5EE39023263E9465001F0A12 /* MypageView.swift in Sources */ = {isa = PBXBuildFile; fileRef = 5EE39022263E9465001F0A12 /* MypageView.swift */; };
		EB169E452650120200852DCF /* CameraView.swift in Sources */ = {isa = PBXBuildFile; fileRef = EB169E442650120200852DCF /* CameraView.swift */; };
		EB169E472650131100852DCF /* CodeScannerView.swift in Sources */ = {isa = PBXBuildFile; fileRef = EB169E462650131100852DCF /* CodeScannerView.swift */; };
		EB169E492650182B00852DCF /* Package.swift in Sources */ = {isa = PBXBuildFile; fileRef = EB169E482650182B00852DCF /* Package.swift */; };
		EB5EE703264A7B9600398319 /* RequestType.swift in Sources */ = {isa = PBXBuildFile; fileRef = EB5EE702264A7B9600398319 /* RequestType.swift */; };
		EB5EE705264ADEEA00398319 /* ResponseType.swift in Sources */ = {isa = PBXBuildFile; fileRef = EB5EE704264ADEEA00398319 /* ResponseType.swift */; };
		EBC9A7252649806B00E89DCE /* RestClient.swift in Sources */ = {isa = PBXBuildFile; fileRef = EBC9A7242649806B00E89DCE /* RestClient.swift */; };
		EBE73DF22647B11500E130FF /* Assets.xcassets in Resources */ = {isa = PBXBuildFile; fileRef = EBE73DF12647B11500E130FF /* Assets.xcassets */; };
/* End PBXBuildFile section */

/* Begin PBXFileReference section */
		5E00E0D126398ECE00210B81 /* QRLibrary.app */ = {isa = PBXFileReference; explicitFileType = wrapper.application; includeInIndex = 0; path = QRLibrary.app; sourceTree = BUILT_PRODUCTS_DIR; };
		5E00E0D426398ECE00210B81 /* AppDelegate.swift */ = {isa = PBXFileReference; lastKnownFileType = sourcecode.swift; path = AppDelegate.swift; sourceTree = "<group>"; };
		5E00E0D626398ECE00210B81 /* SceneDelegate.swift */ = {isa = PBXFileReference; lastKnownFileType = sourcecode.swift; path = SceneDelegate.swift; sourceTree = "<group>"; };
		5E00E0D826398ECE00210B81 /* ContentView.swift */ = {isa = PBXFileReference; lastKnownFileType = sourcecode.swift; path = ContentView.swift; sourceTree = "<group>"; };
		5E00E0DD26398ED300210B81 /* Preview Assets.xcassets */ = {isa = PBXFileReference; lastKnownFileType = folder.assetcatalog; path = "Preview Assets.xcassets"; sourceTree = "<group>"; };
		5E00E0E026398ED300210B81 /* Base */ = {isa = PBXFileReference; lastKnownFileType = file.storyboard; name = Base; path = Base.lproj/LaunchScreen.storyboard; sourceTree = "<group>"; };
		5E00E0E226398ED300210B81 /* Info.plist */ = {isa = PBXFileReference; lastKnownFileType = text.plist.xml; path = Info.plist; sourceTree = "<group>"; };
		5E00E0E826398EF400210B81 /* AuthView.swift */ = {isa = PBXFileReference; lastKnownFileType = sourcecode.swift; path = AuthView.swift; sourceTree = "<group>"; };
		5E00E0EA2639992500210B81 /* TabbarView.swift */ = {isa = PBXFileReference; lastKnownFileType = sourcecode.swift; path = TabbarView.swift; sourceTree = "<group>"; };
		5EA7F287264531E20091ED9E /* BookMaker.swift */ = {isa = PBXFileReference; fileEncoding = 4; lastKnownFileType = sourcecode.swift; path = BookMaker.swift; sourceTree = "<group>"; };
		5EA7F289264532010091ED9E /* BookMarkerDetail.swift */ = {isa = PBXFileReference; fileEncoding = 4; lastKnownFileType = sourcecode.swift; path = BookMarkerDetail.swift; sourceTree = "<group>"; };
		5EE39022263E9465001F0A12 /* MypageView.swift */ = {isa = PBXFileReference; lastKnownFileType = sourcecode.swift; path = MypageView.swift; sourceTree = "<group>"; };
		7A271FA0D755625DF058272E /* Pods_QRLibrary.framework */ = {isa = PBXFileReference; explicitFileType = wrapper.framework; includeInIndex = 0; path = Pods_QRLibrary.framework; sourceTree = BUILT_PRODUCTS_DIR; };
		7D2A3B374FB530B9A2CF3AAE /* Pods-QRLibrary.debug.xcconfig */ = {isa = PBXFileReference; includeInIndex = 1; lastKnownFileType = text.xcconfig; name = "Pods-QRLibrary.debug.xcconfig"; path = "Target Support Files/Pods-QRLibrary/Pods-QRLibrary.debug.xcconfig"; sourceTree = "<group>"; };
		9E93B2F7DD00D0999C19B5C7 /* Pods-QRLibrary.release.xcconfig */ = {isa = PBXFileReference; includeInIndex = 1; lastKnownFileType = text.xcconfig; name = "Pods-QRLibrary.release.xcconfig"; path = "Target Support Files/Pods-QRLibrary/Pods-QRLibrary.release.xcconfig"; sourceTree = "<group>"; };
		EB169E442650120200852DCF /* CameraView.swift */ = {isa = PBXFileReference; lastKnownFileType = sourcecode.swift; path = CameraView.swift; sourceTree = "<group>"; };
		EB169E462650131100852DCF /* CodeScannerView.swift */ = {isa = PBXFileReference; lastKnownFileType = sourcecode.swift; path = CodeScannerView.swift; sourceTree = "<group>"; };
		EB169E482650182B00852DCF /* Package.swift */ = {isa = PBXFileReference; lastKnownFileType = sourcecode.swift; path = Package.swift; sourceTree = "<group>"; };
		EB5EE702264A7B9600398319 /* RequestType.swift */ = {isa = PBXFileReference; lastKnownFileType = sourcecode.swift; path = RequestType.swift; sourceTree = "<group>"; };
		EB5EE704264ADEEA00398319 /* ResponseType.swift */ = {isa = PBXFileReference; lastKnownFileType = sourcecode.swift; path = ResponseType.swift; sourceTree = "<group>"; };
		EBC9A7242649806B00E89DCE /* RestClient.swift */ = {isa = PBXFileReference; lastKnownFileType = sourcecode.swift; path = RestClient.swift; sourceTree = "<group>"; };
		EBE73DF12647B11500E130FF /* Assets.xcassets */ = {isa = PBXFileReference; lastKnownFileType = folder.assetcatalog; path = Assets.xcassets; sourceTree = "<group>"; };
/* End PBXFileReference section */

/* Begin PBXFrameworksBuildPhase section */
		5E00E0CE26398ECE00210B81 /* Frameworks */ = {
			isa = PBXFrameworksBuildPhase;
			buildActionMask = 2147483647;
			files = (
				1C5D90DD84730FD2660813C1 /* Pods_QRLibrary.framework in Frameworks */,
			);
			runOnlyForDeploymentPostprocessing = 0;
		};
/* End PBXFrameworksBuildPhase section */

/* Begin PBXGroup section */
		0121B350CDB66044ACBDF9A8 /* Frameworks */ = {
			isa = PBXGroup;
			children = (
				7A271FA0D755625DF058272E /* Pods_QRLibrary.framework */,
			);
			name = Frameworks;
			sourceTree = "<group>";
		};
		5E00E0C826398ECE00210B81 = {
			isa = PBXGroup;
			children = (
				EB169E482650182B00852DCF /* Package.swift */,
				5E00E0D326398ECE00210B81 /* QRLibrary */,
				5E00E0D226398ECE00210B81 /* Products */,
				7901CC124E2E82E413C5406C /* Pods */,
				0121B350CDB66044ACBDF9A8 /* Frameworks */,
			);
			sourceTree = "<group>";
		};
		5E00E0D226398ECE00210B81 /* Products */ = {
			isa = PBXGroup;
			children = (
				5E00E0D126398ECE00210B81 /* QRLibrary.app */,
			);
			name = Products;
			sourceTree = "<group>";
		};
		5E00E0D326398ECE00210B81 /* QRLibrary */ = {
			isa = PBXGroup;
			children = (
				EBE73DF12647B11500E130FF /* Assets.xcassets */,
				5E00E0D426398ECE00210B81 /* AppDelegate.swift */,
				5E00E0D626398ECE00210B81 /* SceneDelegate.swift */,
				5E00E0D826398ECE00210B81 /* ContentView.swift */,
				5E00E0E826398EF400210B81 /* AuthView.swift */,
				5E00E0EA2639992500210B81 /* TabbarView.swift */,
				5EE39022263E9465001F0A12 /* MypageView.swift */,
				5EA7F289264532010091ED9E /* BookMarkerDetail.swift */,
				5EA7F287264531E20091ED9E /* BookMaker.swift */,
				5E00E0DF26398ED300210B81 /* LaunchScreen.storyboard */,
				5E00E0E226398ED300210B81 /* Info.plist */,
				5E00E0DC26398ED300210B81 /* Preview Content */,
				EBC9A7242649806B00E89DCE /* RestClient.swift */,
				EB5EE702264A7B9600398319 /* RequestType.swift */,
				EB5EE704264ADEEA00398319 /* ResponseType.swift */,
				EB169E442650120200852DCF /* CameraView.swift */,
				EB169E462650131100852DCF /* CodeScannerView.swift */,
			);
			path = QRLibrary;
			sourceTree = "<group>";
		};
		5E00E0DC26398ED300210B81 /* Preview Content */ = {
			isa = PBXGroup;
			children = (
				5E00E0DD26398ED300210B81 /* Preview Assets.xcassets */,
			);
			path = "Preview Content";
			sourceTree = "<group>";
		};
		7901CC124E2E82E413C5406C /* Pods */ = {
			isa = PBXGroup;
			children = (
				7D2A3B374FB530B9A2CF3AAE /* Pods-QRLibrary.debug.xcconfig */,
				9E93B2F7DD00D0999C19B5C7 /* Pods-QRLibrary.release.xcconfig */,
			);
			path = Pods;
			sourceTree = "<group>";
		};
/* End PBXGroup section */

/* Begin PBXNativeTarget section */
		5E00E0D026398ECE00210B81 /* QRLibrary */ = {
			isa = PBXNativeTarget;
			buildConfigurationList = 5E00E0E526398ED300210B81 /* Build configuration list for PBXNativeTarget "QRLibrary" */;
			buildPhases = (
				4B2E8EA71A435B2250E6FBDC /* [CP] Check Pods Manifest.lock */,
				5E00E0CD26398ECE00210B81 /* Sources */,
				5E00E0CE26398ECE00210B81 /* Frameworks */,
				5E00E0CF26398ECE00210B81 /* Resources */,
				E352A77DBCA3134DADA9A3C3 /* [CP] Embed Pods Frameworks */,
			);
			buildRules = (
			);
			dependencies = (
			);
			name = QRLibrary;
			productName = QRLibrary;
			productReference = 5E00E0D126398ECE00210B81 /* QRLibrary.app */;
			productType = "com.apple.product-type.application";
		};
/* End PBXNativeTarget section */

/* Begin PBXProject section */
		5E00E0C926398ECE00210B81 /* Project object */ = {
			isa = PBXProject;
			attributes = {
				LastSwiftUpdateCheck = 1250;
				LastUpgradeCheck = 1250;
				TargetAttributes = {
					5E00E0D026398ECE00210B81 = {
						CreatedOnToolsVersion = 12.5;
					};
				};
			};
			buildConfigurationList = 5E00E0CC26398ECE00210B81 /* Build configuration list for PBXProject "QRLibrary" */;
			compatibilityVersion = "Xcode 9.3";
			developmentRegion = en;
			hasScannedForEncodings = 0;
			knownRegions = (
				en,
				Base,
			);
			mainGroup = 5E00E0C826398ECE00210B81;
			productRefGroup = 5E00E0D226398ECE00210B81 /* Products */;
			projectDirPath = "";
			projectRoot = "";
			targets = (
				5E00E0D026398ECE00210B81 /* QRLibrary */,
			);
		};
/* End PBXProject section */

/* Begin PBXResourcesBuildPhase section */
		5E00E0CF26398ECE00210B81 /* Resources */ = {
			isa = PBXResourcesBuildPhase;
			buildActionMask = 2147483647;
			files = (
				5E00E0E126398ED300210B81 /* LaunchScreen.storyboard in Resources */,
				EBE73DF22647B11500E130FF /* Assets.xcassets in Resources */,
				5E00E0DE26398ED300210B81 /* Preview Assets.xcassets in Resources */,
			);
			runOnlyForDeploymentPostprocessing = 0;
		};
/* End PBXResourcesBuildPhase section */

/* Begin PBXShellScriptBuildPhase section */
		4B2E8EA71A435B2250E6FBDC /* [CP] Check Pods Manifest.lock */ = {
			isa = PBXShellScriptBuildPhase;
			buildActionMask = 2147483647;
			files = (
			);
			inputFileListPaths = (
			);
			inputPaths = (
				"${PODS_PODFILE_DIR_PATH}/Podfile.lock",
				"${PODS_ROOT}/Manifest.lock",
			);
			name = "[CP] Check Pods Manifest.lock";
			outputFileListPaths = (
			);
			outputPaths = (
				"$(DERIVED_FILE_DIR)/Pods-QRLibrary-checkManifestLockResult.txt",
			);
			runOnlyForDeploymentPostprocessing = 0;
			shellPath = /bin/sh;
			shellScript = "diff \"${PODS_PODFILE_DIR_PATH}/Podfile.lock\" \"${PODS_ROOT}/Manifest.lock\" > /dev/null\nif [ $? != 0 ] ; then\n    # print error to STDERR\n    echo \"error: The sandbox is not in sync with the Podfile.lock. Run 'pod install' or update your CocoaPods installation.\" >&2\n    exit 1\nfi\n# This output is used by Xcode 'outputs' to avoid re-running this script phase.\necho \"SUCCESS\" > \"${SCRIPT_OUTPUT_FILE_0}\"\n";
			showEnvVarsInLog = 0;
		};
		E352A77DBCA3134DADA9A3C3 /* [CP] Embed Pods Frameworks */ = {
			isa = PBXShellScriptBuildPhase;
			buildActionMask = 2147483647;
			files = (
			);
			inputFileListPaths = (
				"${PODS_ROOT}/Target Support Files/Pods-QRLibrary/Pods-QRLibrary-frameworks-${CONFIGURATION}-input-files.xcfilelist",
			);
			name = "[CP] Embed Pods Frameworks";
			outputFileListPaths = (
				"${PODS_ROOT}/Target Support Files/Pods-QRLibrary/Pods-QRLibrary-frameworks-${CONFIGURATION}-output-files.xcfilelist",
			);
			runOnlyForDeploymentPostprocessing = 0;
			shellPath = /bin/sh;
			shellScript = "\"${PODS_ROOT}/Target Support Files/Pods-QRLibrary/Pods-QRLibrary-frameworks.sh\"\n";
			showEnvVarsInLog = 0;
		};
/* End PBXShellScriptBuildPhase section */

/* Begin PBXSourcesBuildPhase section */
		5E00E0CD26398ECE00210B81 /* Sources */ = {
			isa = PBXSourcesBuildPhase;
			buildActionMask = 2147483647;
			files = (
				5E00E0EB2639992500210B81 /* TabbarView.swift in Sources */,
				5EA7F28A264532010091ED9E /* BookMarkerDetail.swift in Sources */,
				5E00E0D526398ECE00210B81 /* AppDelegate.swift in Sources */,
				EB169E452650120200852DCF /* CameraView.swift in Sources */,
				EB5EE705264ADEEA00398319 /* ResponseType.swift in Sources */,
				5E00E0D726398ECE00210B81 /* SceneDelegate.swift in Sources */,
				EBC9A7252649806B00E89DCE /* RestClient.swift in Sources */,
				5EE39023263E9465001F0A12 /* MypageView.swift in Sources */,
				EB169E472650131100852DCF /* CodeScannerView.swift in Sources */,
				5E00E0E926398EF400210B81 /* AuthView.swift in Sources */,
				EB169E492650182B00852DCF /* Package.swift in Sources */,
				5E00E0D926398ECE00210B81 /* ContentView.swift in Sources */,
				5EA7F288264531E20091ED9E /* BookMaker.swift in Sources */,
				EB5EE703264A7B9600398319 /* RequestType.swift in Sources */,
			);
			runOnlyForDeploymentPostprocessing = 0;
		};
/* End PBXSourcesBuildPhase section */

/* Begin PBXVariantGroup section */
		5E00E0DF26398ED300210B81 /* LaunchScreen.storyboard */ = {
			isa = PBXVariantGroup;
			children = (
				5E00E0E026398ED300210B81 /* Base */,
			);
			name = LaunchScreen.storyboard;
			sourceTree = "<group>";
		};
/* End PBXVariantGroup section */

/* Begin XCBuildConfiguration section */
		5E00E0E326398ED300210B81 /* Debug */ = {
			isa = XCBuildConfiguration;
			buildSettings = {
				ALWAYS_SEARCH_USER_PATHS = NO;
				CLANG_ANALYZER_NONNULL = YES;
				CLANG_ANALYZER_NUMBER_OBJECT_CONVERSION = YES_AGGRESSIVE;
				CLANG_CXX_LANGUAGE_STANDARD = "gnu++14";
				CLANG_CXX_LIBRARY = "libc++";
				CLANG_ENABLE_MODULES = YES;
				CLANG_ENABLE_OBJC_ARC = YES;
				CLANG_ENABLE_OBJC_WEAK = YES;
				CLANG_WARN_BLOCK_CAPTURE_AUTORELEASING = YES;
				CLANG_WARN_BOOL_CONVERSION = YES;
				CLANG_WARN_COMMA = YES;
				CLANG_WARN_CONSTANT_CONVERSION = YES;
				CLANG_WARN_DEPRECATED_OBJC_IMPLEMENTATIONS = YES;
				CLANG_WARN_DIRECT_OBJC_ISA_USAGE = YES_ERROR;
				CLANG_WARN_DOCUMENTATION_COMMENTS = YES;
				CLANG_WARN_EMPTY_BODY = YES;
				CLANG_WARN_ENUM_CONVERSION = YES;
				CLANG_WARN_INFINITE_RECURSION = YES;
				CLANG_WARN_INT_CONVERSION = YES;
				CLANG_WARN_NON_LITERAL_NULL_CONVERSION = YES;
				CLANG_WARN_OBJC_IMPLICIT_RETAIN_SELF = YES;
				CLANG_WARN_OBJC_LITERAL_CONVERSION = YES;
				CLANG_WARN_OBJC_ROOT_CLASS = YES_ERROR;
				CLANG_WARN_QUOTED_INCLUDE_IN_FRAMEWORK_HEADER = YES;
				CLANG_WARN_RANGE_LOOP_ANALYSIS = YES;
				CLANG_WARN_STRICT_PROTOTYPES = YES;
				CLANG_WARN_SUSPICIOUS_MOVE = YES;
				CLANG_WARN_UNGUARDED_AVAILABILITY = YES_AGGRESSIVE;
				CLANG_WARN_UNREACHABLE_CODE = YES;
				CLANG_WARN__DUPLICATE_METHOD_MATCH = YES;
				COPY_PHASE_STRIP = NO;
				DEBUG_INFORMATION_FORMAT = dwarf;
				ENABLE_STRICT_OBJC_MSGSEND = YES;
				ENABLE_TESTABILITY = YES;
				GCC_C_LANGUAGE_STANDARD = gnu11;
				GCC_DYNAMIC_NO_PIC = NO;
				GCC_NO_COMMON_BLOCKS = YES;
				GCC_OPTIMIZATION_LEVEL = 0;
				GCC_PREPROCESSOR_DEFINITIONS = (
					"DEBUG=1",
					"$(inherited)",
				);
				GCC_WARN_64_TO_32_BIT_CONVERSION = YES;
				GCC_WARN_ABOUT_RETURN_TYPE = YES_ERROR;
				GCC_WARN_UNDECLARED_SELECTOR = YES;
				GCC_WARN_UNINITIALIZED_AUTOS = YES_AGGRESSIVE;
				GCC_WARN_UNUSED_FUNCTION = YES;
				GCC_WARN_UNUSED_VARIABLE = YES;
				IPHONEOS_DEPLOYMENT_TARGET = 14.5;
				MTL_ENABLE_DEBUG_INFO = INCLUDE_SOURCE;
				MTL_FAST_MATH = YES;
				ONLY_ACTIVE_ARCH = YES;
				SDKROOT = iphoneos;
				SWIFT_ACTIVE_COMPILATION_CONDITIONS = DEBUG;
				SWIFT_OPTIMIZATION_LEVEL = "-Onone";
			};
			name = Debug;
		};
		5E00E0E426398ED300210B81 /* Release */ = {
			isa = XCBuildConfiguration;
			buildSettings = {
				ALWAYS_SEARCH_USER_PATHS = NO;
				CLANG_ANALYZER_NONNULL = YES;
				CLANG_ANALYZER_NUMBER_OBJECT_CONVERSION = YES_AGGRESSIVE;
				CLANG_CXX_LANGUAGE_STANDARD = "gnu++14";
				CLANG_CXX_LIBRARY = "libc++";
				CLANG_ENABLE_MODULES = YES;
				CLANG_ENABLE_OBJC_ARC = YES;
				CLANG_ENABLE_OBJC_WEAK = YES;
				CLANG_WARN_BLOCK_CAPTURE_AUTORELEASING = YES;
				CLANG_WARN_BOOL_CONVERSION = YES;
				CLANG_WARN_COMMA = YES;
				CLANG_WARN_CONSTANT_CONVERSION = YES;
				CLANG_WARN_DEPRECATED_OBJC_IMPLEMENTATIONS = YES;
				CLANG_WARN_DIRECT_OBJC_ISA_USAGE = YES_ERROR;
				CLANG_WARN_DOCUMENTATION_COMMENTS = YES;
				CLANG_WARN_EMPTY_BODY = YES;
				CLANG_WARN_ENUM_CONVERSION = YES;
				CLANG_WARN_INFINITE_RECURSION = YES;
				CLANG_WARN_INT_CONVERSION = YES;
				CLANG_WARN_NON_LITERAL_NULL_CONVERSION = YES;
				CLANG_WARN_OBJC_IMPLICIT_RETAIN_SELF = YES;
				CLANG_WARN_OBJC_LITERAL_CONVERSION = YES;
				CLANG_WARN_OBJC_ROOT_CLASS = YES_ERROR;
				CLANG_WARN_QUOTED_INCLUDE_IN_FRAMEWORK_HEADER = YES;
				CLANG_WARN_RANGE_LOOP_ANALYSIS = YES;
				CLANG_WARN_STRICT_PROTOTYPES = YES;
				CLANG_WARN_SUSPICIOUS_MOVE = YES;
				CLANG_WARN_UNGUARDED_AVAILABILITY = YES_AGGRESSIVE;
				CLANG_WARN_UNREACHABLE_CODE = YES;
				CLANG_WARN__DUPLICATE_METHOD_MATCH = YES;
				COPY_PHASE_STRIP = NO;
				DEBUG_INFORMATION_FORMAT = "dwarf-with-dsym";
				ENABLE_NS_ASSERTIONS = NO;
				ENABLE_STRICT_OBJC_MSGSEND = YES;
				GCC_C_LANGUAGE_STANDARD = gnu11;
				GCC_NO_COMMON_BLOCKS = YES;
				GCC_WARN_64_TO_32_BIT_CONVERSION = YES;
				GCC_WARN_ABOUT_RETURN_TYPE = YES_ERROR;
				GCC_WARN_UNDECLARED_SELECTOR = YES;
				GCC_WARN_UNINITIALIZED_AUTOS = YES_AGGRESSIVE;
				GCC_WARN_UNUSED_FUNCTION = YES;
				GCC_WARN_UNUSED_VARIABLE = YES;
				IPHONEOS_DEPLOYMENT_TARGET = 14.5;
				MTL_ENABLE_DEBUG_INFO = NO;
				MTL_FAST_MATH = YES;
				SDKROOT = iphoneos;
				SWIFT_COMPILATION_MODE = wholemodule;
				SWIFT_OPTIMIZATION_LEVEL = "-O";
				VALIDATE_PRODUCT = YES;
			};
			name = Release;
		};
		5E00E0E626398ED300210B81 /* Debug */ = {
			isa = XCBuildConfiguration;
			baseConfigurationReference = 7D2A3B374FB530B9A2CF3AAE /* Pods-QRLibrary.debug.xcconfig */;
			buildSettings = {
				ASSETCATALOG_COMPILER_APPICON_NAME = AppIcon;
				ASSETCATALOG_COMPILER_GLOBAL_ACCENT_COLOR_NAME = AccentColor;
				CODE_SIGN_STYLE = Automatic;
				DEVELOPMENT_ASSET_PATHS = "\"QRLibrary/Preview Content\"";
				DEVELOPMENT_TEAM = SK7YVJMSSJ;
				ENABLE_PREVIEWS = YES;
				INFOPLIST_FILE = QRLibrary/Info.plist;
				LD_RUNPATH_SEARCH_PATHS = (
					"$(inherited)",
					"@executable_path/Frameworks",
				);
				PRODUCT_BUNDLE_IDENTIFIER = "knu-comp420.QRLibrary-syn";
				PRODUCT_NAME = "$(TARGET_NAME)";
				SWIFT_VERSION = 5.0;
				TARGETED_DEVICE_FAMILY = "1,2";
			};
			name = Debug;
		};
		5E00E0E726398ED300210B81 /* Release */ = {
			isa = XCBuildConfiguration;
			baseConfigurationReference = 9E93B2F7DD00D0999C19B5C7 /* Pods-QRLibrary.release.xcconfig */;
			buildSettings = {
				ASSETCATALOG_COMPILER_APPICON_NAME = AppIcon;
				ASSETCATALOG_COMPILER_GLOBAL_ACCENT_COLOR_NAME = AccentColor;
				CODE_SIGN_STYLE = Automatic;
				DEVELOPMENT_ASSET_PATHS = "\"QRLibrary/Preview Content\"";
				DEVELOPMENT_TEAM = SK7YVJMSSJ;
				ENABLE_PREVIEWS = YES;
				INFOPLIST_FILE = QRLibrary/Info.plist;
				LD_RUNPATH_SEARCH_PATHS = (
					"$(inherited)",
					"@executable_path/Frameworks",
				);
				PRODUCT_BUNDLE_IDENTIFIER = "knu-comp420.QRLibrary-syn";
				PRODUCT_NAME = "$(TARGET_NAME)";
				SWIFT_VERSION = 5.0;
				TARGETED_DEVICE_FAMILY = "1,2";
			};
			name = Release;
		};
/* End XCBuildConfiguration section */

/* Begin XCConfigurationList section */
		5E00E0CC26398ECE00210B81 /* Build configuration list for PBXProject "QRLibrary" */ = {
			isa = XCConfigurationList;
			buildConfigurations = (
				5E00E0E326398ED300210B81 /* Debug */,
				5E00E0E426398ED300210B81 /* Release */,
			);
			defaultConfigurationIsVisible = 0;
			defaultConfigurationName = Release;
		};
		5E00E0E526398ED300210B81 /* Build configuration list for PBXNativeTarget "QRLibrary" */ = {
			isa = XCConfigurationList;
			buildConfigurations = (
				5E00E0E626398ED300210B81 /* Debug */,
				5E00E0E726398ED300210B81 /* Release */,
			);
			defaultConfigurationIsVisible = 0;
			defaultConfigurationName = Release;
		};
/* End XCConfigurationList section */
	};
	rootObject = 5E00E0C926398ECE00210B81 /* Project object */;
}
